// !$*UTF8*$!
{
	archiveVersion = 1;
	classes = {
	};
	objectVersion = 56;
	objects = {

/* Begin PBXBuildFile section */
		DE29FF1F2CD01613001FC0BF /* AppDelegate.swift in Sources */ = {isa = PBXBuildFile; fileRef = DE29FF1E2CD01613001FC0BF /* AppDelegate.swift */; };
		DE29FF212CD01613001FC0BF /* SceneDelegate.swift in Sources */ = {isa = PBXBuildFile; fileRef = DE29FF202CD01613001FC0BF /* SceneDelegate.swift */; };
		DE29FF232CD01613001FC0BF /* ImagesListViewController.swift in Sources */ = {isa = PBXBuildFile; fileRef = DE29FF222CD01613001FC0BF /* ImagesListViewController.swift */; };
		DE29FF262CD01613001FC0BF /* Base in Resources */ = {isa = PBXBuildFile; fileRef = DE29FF252CD01613001FC0BF /* Base */; };
		DE29FF282CD01615001FC0BF /* Assets.xcassets in Resources */ = {isa = PBXBuildFile; fileRef = DE29FF272CD01615001FC0BF /* Assets.xcassets */; };
		DE29FF2B2CD01615001FC0BF /* Base in Resources */ = {isa = PBXBuildFile; fileRef = DE29FF2A2CD01615001FC0BF /* Base */; };
		DE29FF552CD66A7C001FC0BF /* ImagesListCell.swift in Sources */ = {isa = PBXBuildFile; fileRef = DE29FF542CD66A7C001FC0BF /* ImagesListCell.swift */; };
		DE4965362D0A0149005BF3F0 /* ProgressHUD in Frameworks */ = {isa = PBXBuildFile; productRef = DE4965352D0A0149005BF3F0 /* ProgressHUD */; };
		DE4965382D0F2F60005BF3F0 /* UIBlockingProgressHUD.swift in Sources */ = {isa = PBXBuildFile; fileRef = DE4965372D0F2F60005BF3F0 /* UIBlockingProgressHUD.swift */; };
		DE49653A2D0F3265005BF3F0 /* ProfileService.swift in Sources */ = {isa = PBXBuildFile; fileRef = DE4965392D0F3265005BF3F0 /* ProfileService.swift */; };
		DE63A70C2CE2787F001B94E5 /* ProfileViewController.swift in Sources */ = {isa = PBXBuildFile; fileRef = DE63A70B2CE2787F001B94E5 /* ProfileViewController.swift */; };
		DE8699BA2CFDA732003DEE8F /* OAuth2Service.swift in Sources */ = {isa = PBXBuildFile; fileRef = DE8699B92CFDA732003DEE8F /* OAuth2Service.swift */; };
		DE8699BC2CFDAA28003DEE8F /* OAuth2TokenStorage.swift in Sources */ = {isa = PBXBuildFile; fileRef = DE8699BB2CFDAA28003DEE8F /* OAuth2TokenStorage.swift */; };
		DE8699C02CFDAB2C003DEE8F /* URLSession+data.swift in Sources */ = {isa = PBXBuildFile; fileRef = DE8699BF2CFDAB2C003DEE8F /* URLSession+data.swift */; };
		DE8699C22CFDF152003DEE8F /* OAuthTokenResponseBody.swift in Sources */ = {isa = PBXBuildFile; fileRef = DE8699C12CFDF152003DEE8F /* OAuthTokenResponseBody.swift */; };
		DE8699C42CFE0238003DEE8F /* SplashViewController.swift in Sources */ = {isa = PBXBuildFile; fileRef = DE8699C32CFE0238003DEE8F /* SplashViewController.swift */; };
		DE958D472D157A970073FE9E /* ProfileImageService.swift in Sources */ = {isa = PBXBuildFile; fileRef = DE958D462D157A970073FE9E /* ProfileImageService.swift */; };
		DE958D4C2D203BB50073FE9E /* Kingfisher in Frameworks */ = {isa = PBXBuildFile; productRef = DE958D4B2D203BB50073FE9E /* Kingfisher */; };
		DE958D4F2D207F9A0073FE9E /* SwiftKeychainWrapper in Frameworks */ = {isa = PBXBuildFile; productRef = DE958D4E2D207F9A0073FE9E /* SwiftKeychainWrapper */; };
		DE958D512D20892F0073FE9E /* TabBarController.swift in Sources */ = {isa = PBXBuildFile; fileRef = DE958D502D20892F0073FE9E /* TabBarController.swift */; };
		DEB558092CF774A30024AE83 /* Constants.swift in Sources */ = {isa = PBXBuildFile; fileRef = DEB558082CF774A30024AE83 /* Constants.swift */; };
		DEB5580E2CF893D20024AE83 /* AuthViewController.swift in Sources */ = {isa = PBXBuildFile; fileRef = DEB5580D2CF893D20024AE83 /* AuthViewController.swift */; };
		DEB558102CF899FB0024AE83 /* WebViewViewController.swift in Sources */ = {isa = PBXBuildFile; fileRef = DEB5580F2CF899FB0024AE83 /* WebViewViewController.swift */; };
		DEB844FC2D2DDDBE00A0B35C /* ProfileModel.swift in Sources */ = {isa = PBXBuildFile; fileRef = DEB844FB2D2DDDBE00A0B35C /* ProfileModel.swift */; };
		DEB845002D3197C000A0B35C /* ProfileImageModel.swift in Sources */ = {isa = PBXBuildFile; fileRef = DEB844FF2D3197C000A0B35C /* ProfileImageModel.swift */; };
		DEFBA5D22CEA638300A9D452 /* SingleImageViewController.swift in Sources */ = {isa = PBXBuildFile; fileRef = DEFBA5D12CEA638300A9D452 /* SingleImageViewController.swift */; };
/* End PBXBuildFile section */

/* Begin PBXFileReference section */
		DE29FF1B2CD01613001FC0BF /* ImageFeed.app */ = {isa = PBXFileReference; explicitFileType = wrapper.application; includeInIndex = 0; path = ImageFeed.app; sourceTree = BUILT_PRODUCTS_DIR; };
		DE29FF1E2CD01613001FC0BF /* AppDelegate.swift */ = {isa = PBXFileReference; lastKnownFileType = sourcecode.swift; path = AppDelegate.swift; sourceTree = "<group>"; };
		DE29FF202CD01613001FC0BF /* SceneDelegate.swift */ = {isa = PBXFileReference; lastKnownFileType = sourcecode.swift; path = SceneDelegate.swift; sourceTree = "<group>"; };
		DE29FF222CD01613001FC0BF /* ImagesListViewController.swift */ = {isa = PBXFileReference; lastKnownFileType = sourcecode.swift; path = ImagesListViewController.swift; sourceTree = "<group>"; };
		DE29FF252CD01613001FC0BF /* Base */ = {isa = PBXFileReference; lastKnownFileType = file.storyboard; name = Base; path = Base.lproj/Main.storyboard; sourceTree = "<group>"; };
		DE29FF272CD01615001FC0BF /* Assets.xcassets */ = {isa = PBXFileReference; lastKnownFileType = folder.assetcatalog; path = Assets.xcassets; sourceTree = "<group>"; };
		DE29FF2A2CD01615001FC0BF /* Base */ = {isa = PBXFileReference; lastKnownFileType = file.storyboard; name = Base; path = Base.lproj/LaunchScreen.storyboard; sourceTree = "<group>"; };
		DE29FF2C2CD01615001FC0BF /* Info.plist */ = {isa = PBXFileReference; lastKnownFileType = text.plist.xml; path = Info.plist; sourceTree = "<group>"; };
		DE29FF542CD66A7C001FC0BF /* ImagesListCell.swift */ = {isa = PBXFileReference; lastKnownFileType = sourcecode.swift; path = ImagesListCell.swift; sourceTree = "<group>"; };
		DE4965372D0F2F60005BF3F0 /* UIBlockingProgressHUD.swift */ = {isa = PBXFileReference; lastKnownFileType = sourcecode.swift; path = UIBlockingProgressHUD.swift; sourceTree = "<group>"; };
		DE4965392D0F3265005BF3F0 /* ProfileService.swift */ = {isa = PBXFileReference; lastKnownFileType = sourcecode.swift; path = ProfileService.swift; sourceTree = "<group>"; };
		DE63A70B2CE2787F001B94E5 /* ProfileViewController.swift */ = {isa = PBXFileReference; lastKnownFileType = sourcecode.swift; path = ProfileViewController.swift; sourceTree = "<group>"; };
		DE8699B92CFDA732003DEE8F /* OAuth2Service.swift */ = {isa = PBXFileReference; lastKnownFileType = sourcecode.swift; path = OAuth2Service.swift; sourceTree = "<group>"; };
		DE8699BB2CFDAA28003DEE8F /* OAuth2TokenStorage.swift */ = {isa = PBXFileReference; lastKnownFileType = sourcecode.swift; path = OAuth2TokenStorage.swift; sourceTree = "<group>"; };
		DE8699BF2CFDAB2C003DEE8F /* URLSession+data.swift */ = {isa = PBXFileReference; lastKnownFileType = sourcecode.swift; path = "URLSession+data.swift"; sourceTree = "<group>"; };
		DE8699C12CFDF152003DEE8F /* OAuthTokenResponseBody.swift */ = {isa = PBXFileReference; lastKnownFileType = sourcecode.swift; path = OAuthTokenResponseBody.swift; sourceTree = "<group>"; };
		DE8699C32CFE0238003DEE8F /* SplashViewController.swift */ = {isa = PBXFileReference; lastKnownFileType = sourcecode.swift; path = SplashViewController.swift; sourceTree = "<group>"; };
		DE958D462D157A970073FE9E /* ProfileImageService.swift */ = {isa = PBXFileReference; lastKnownFileType = sourcecode.swift; path = ProfileImageService.swift; sourceTree = "<group>"; };
		DE958D502D20892F0073FE9E /* TabBarController.swift */ = {isa = PBXFileReference; lastKnownFileType = sourcecode.swift; path = TabBarController.swift; sourceTree = "<group>"; };
		DEB558082CF774A30024AE83 /* Constants.swift */ = {isa = PBXFileReference; lastKnownFileType = sourcecode.swift; path = Constants.swift; sourceTree = "<group>"; };
		DEB5580D2CF893D20024AE83 /* AuthViewController.swift */ = {isa = PBXFileReference; lastKnownFileType = sourcecode.swift; path = AuthViewController.swift; sourceTree = "<group>"; };
		DEB5580F2CF899FB0024AE83 /* WebViewViewController.swift */ = {isa = PBXFileReference; lastKnownFileType = sourcecode.swift; path = WebViewViewController.swift; sourceTree = "<group>"; };
		DEB844FB2D2DDDBE00A0B35C /* ProfileModel.swift */ = {isa = PBXFileReference; lastKnownFileType = sourcecode.swift; path = ProfileModel.swift; sourceTree = "<group>"; };
		DEB844FF2D3197C000A0B35C /* ProfileImageModel.swift */ = {isa = PBXFileReference; lastKnownFileType = sourcecode.swift; path = ProfileImageModel.swift; sourceTree = "<group>"; };
		DEFBA5D12CEA638300A9D452 /* SingleImageViewController.swift */ = {isa = PBXFileReference; lastKnownFileType = sourcecode.swift; path = SingleImageViewController.swift; sourceTree = "<group>"; };
/* End PBXFileReference section */

/* Begin PBXFrameworksBuildPhase section */
		DE29FF182CD01613001FC0BF /* Frameworks */ = {
			isa = PBXFrameworksBuildPhase;
			buildActionMask = 2147483647;
			files = (
				DE958D4C2D203BB50073FE9E /* Kingfisher in Frameworks */,
				DE4965362D0A0149005BF3F0 /* ProgressHUD in Frameworks */,
				DE958D4F2D207F9A0073FE9E /* SwiftKeychainWrapper in Frameworks */,
			);
			runOnlyForDeploymentPostprocessing = 0;
		};
/* End PBXFrameworksBuildPhase section */

/* Begin PBXGroup section */
		DE29FF122CD01613001FC0BF = {
			isa = PBXGroup;
			children = (
				DE29FF1D2CD01613001FC0BF /* ImageFeed */,
				DE29FF1C2CD01613001FC0BF /* Products */,
			);
			sourceTree = "<group>";
		};
		DE29FF1C2CD01613001FC0BF /* Products */ = {
			isa = PBXGroup;
			children = (
				DE29FF1B2CD01613001FC0BF /* ImageFeed.app */,
			);
			name = Products;
			sourceTree = "<group>";
		};
		DE29FF1D2CD01613001FC0BF /* ImageFeed */ = {
			isa = PBXGroup;
			children = (
				DE29FF2C2CD01615001FC0BF /* Info.plist */,
				DE29FF1E2CD01613001FC0BF /* AppDelegate.swift */,
				DEB558082CF774A30024AE83 /* Constants.swift */,
				DE29FF202CD01613001FC0BF /* SceneDelegate.swift */,
				DE29FF292CD01615001FC0BF /* LaunchScreen.storyboard */,
				DE29FF242CD01613001FC0BF /* Main.storyboard */,
				DE29FF272CD01615001FC0BF /* Assets.xcassets */,
				DEB5580C2CF893B20024AE83 /* Auth */,
				DE29FF562CD66AA6001FC0BF /* ImagesList */,
				DEB5580A2CF778760024AE83 /* Profile */,
				DEB5580B2CF778940024AE83 /* SingleImageView */,
				DE4965332D00D514005BF3F0 /* SplashScreen */,
				DE958D502D20892F0073FE9E /* TabBarController.swift */,
				DE4965372D0F2F60005BF3F0 /* UIBlockingProgressHUD.swift */,
			);
			path = ImageFeed;
			sourceTree = "<group>";
		};
		DE29FF562CD66AA6001FC0BF /* ImagesList */ = {
			isa = PBXGroup;
			children = (
				DE29FF222CD01613001FC0BF /* ImagesListViewController.swift */,
				DE29FF542CD66A7C001FC0BF /* ImagesListCell.swift */,
			);
			path = ImagesList;
			sourceTree = "<group>";
		};
		DE4965332D00D514005BF3F0 /* SplashScreen */ = {
			isa = PBXGroup;
			children = (
				DE8699C32CFE0238003DEE8F /* SplashViewController.swift */,
			);
			path = SplashScreen;
			sourceTree = "<group>";
		};
		DEB5580A2CF778760024AE83 /* Profile */ = {
			isa = PBXGroup;
			children = (
				DE63A70B2CE2787F001B94E5 /* ProfileViewController.swift */,
				DE4965392D0F3265005BF3F0 /* ProfileService.swift */,
				DE958D462D157A970073FE9E /* ProfileImageService.swift */,
				DEB844FB2D2DDDBE00A0B35C /* ProfileModel.swift */,
				DEB844FF2D3197C000A0B35C /* ProfileImageModel.swift */,
			);
			path = Profile;
			sourceTree = "<group>";
		};
		DEB5580B2CF778940024AE83 /* SingleImageView */ = {
			isa = PBXGroup;
			children = (
				DEFBA5D12CEA638300A9D452 /* SingleImageViewController.swift */,
			);
			path = SingleImageView;
			sourceTree = "<group>";
		};
		DEB5580C2CF893B20024AE83 /* Auth */ = {
			isa = PBXGroup;
			children = (
				DEB5580D2CF893D20024AE83 /* AuthViewController.swift */,
				DEB5580F2CF899FB0024AE83 /* WebViewViewController.swift */,
				DE8699B92CFDA732003DEE8F /* OAuth2Service.swift */,
				DE8699BB2CFDAA28003DEE8F /* OAuth2TokenStorage.swift */,
				DE8699C12CFDF152003DEE8F /* OAuthTokenResponseBody.swift */,
				DE8699BF2CFDAB2C003DEE8F /* URLSession+data.swift */,
			);
			path = Auth;
			sourceTree = "<group>";
		};
/* End PBXGroup section */

/* Begin PBXNativeTarget section */
		DE29FF1A2CD01613001FC0BF /* ImageFeed */ = {
			isa = PBXNativeTarget;
			buildConfigurationList = DE29FF2F2CD01615001FC0BF /* Build configuration list for PBXNativeTarget "ImageFeed" */;
			buildPhases = (
				DE29FF172CD01613001FC0BF /* Sources */,
				DE29FF182CD01613001FC0BF /* Frameworks */,
				DE29FF192CD01613001FC0BF /* Resources */,
			);
			buildRules = (
			);
			dependencies = (
			);
			name = ImageFeed;
			productName = ImageFeed;
			productReference = DE29FF1B2CD01613001FC0BF /* ImageFeed.app */;
			productType = "com.apple.product-type.application";
		};
/* End PBXNativeTarget section */

/* Begin PBXProject section */
		DE29FF132CD01613001FC0BF /* Project object */ = {
			isa = PBXProject;
			attributes = {
				BuildIndependentTargetsInParallel = 1;
				LastSwiftUpdateCheck = 1540;
				LastUpgradeCheck = 1540;
				TargetAttributes = {
					DE29FF1A2CD01613001FC0BF = {
						CreatedOnToolsVersion = 15.4;
					};
				};
			};
			buildConfigurationList = DE29FF162CD01613001FC0BF /* Build configuration list for PBXProject "ImageFeed" */;
			compatibilityVersion = "Xcode 14.0";
			developmentRegion = en;
			hasScannedForEncodings = 0;
			knownRegions = (
				en,
				Base,
			);
			mainGroup = DE29FF122CD01613001FC0BF;
			packageReferences = (
				DE4965342D0A0149005BF3F0 /* XCRemoteSwiftPackageReference "ProgressHUD" */,
				DE958D4A2D203BB50073FE9E /* XCRemoteSwiftPackageReference "Kingfisher" */,
				DE958D4D2D207F9A0073FE9E /* XCRemoteSwiftPackageReference "SwiftKeychainWrapper" */,
			);
			productRefGroup = DE29FF1C2CD01613001FC0BF /* Products */;
			projectDirPath = "";
			projectRoot = "";
			targets = (
				DE29FF1A2CD01613001FC0BF /* ImageFeed */,
			);
		};
/* End PBXProject section */

/* Begin PBXResourcesBuildPhase section */
		DE29FF192CD01613001FC0BF /* Resources */ = {
			isa = PBXResourcesBuildPhase;
			buildActionMask = 2147483647;
			files = (
				DE29FF282CD01615001FC0BF /* Assets.xcassets in Resources */,
				DE29FF2B2CD01615001FC0BF /* Base in Resources */,
				DE29FF262CD01613001FC0BF /* Base in Resources */,
			);
			runOnlyForDeploymentPostprocessing = 0;
		};
/* End PBXResourcesBuildPhase section */

/* Begin PBXSourcesBuildPhase section */
		DE29FF172CD01613001FC0BF /* Sources */ = {
			isa = PBXSourcesBuildPhase;
			buildActionMask = 2147483647;
			files = (
				DE29FF232CD01613001FC0BF /* ImagesListViewController.swift in Sources */,
				DE49653A2D0F3265005BF3F0 /* ProfileService.swift in Sources */,
				DE29FF552CD66A7C001FC0BF /* ImagesListCell.swift in Sources */,
				DE958D512D20892F0073FE9E /* TabBarController.swift in Sources */,
				DEB844FC2D2DDDBE00A0B35C /* ProfileModel.swift in Sources */,
				DE63A70C2CE2787F001B94E5 /* ProfileViewController.swift in Sources */,
				DE29FF1F2CD01613001FC0BF /* AppDelegate.swift in Sources */,
				DE8699BC2CFDAA28003DEE8F /* OAuth2TokenStorage.swift in Sources */,
				DE958D472D157A970073FE9E /* ProfileImageService.swift in Sources */,
				DE8699C42CFE0238003DEE8F /* SplashViewController.swift in Sources */,
				DE8699C22CFDF152003DEE8F /* OAuthTokenResponseBody.swift in Sources */,
				DEB5580E2CF893D20024AE83 /* AuthViewController.swift in Sources */,
				DE4965382D0F2F60005BF3F0 /* UIBlockingProgressHUD.swift in Sources */,
				DEB558092CF774A30024AE83 /* Constants.swift in Sources */,
				DEFBA5D22CEA638300A9D452 /* SingleImageViewController.swift in Sources */,
				DE8699C02CFDAB2C003DEE8F /* URLSession+data.swift in Sources */,
				DEB558102CF899FB0024AE83 /* WebViewViewController.swift in Sources */,
				DE8699BA2CFDA732003DEE8F /* OAuth2Service.swift in Sources */,
				DE29FF212CD01613001FC0BF /* SceneDelegate.swift in Sources */,
				DEB845002D3197C000A0B35C /* ProfileImageModel.swift in Sources */,
			);
			runOnlyForDeploymentPostprocessing = 0;
		};
/* End PBXSourcesBuildPhase section */

/* Begin PBXVariantGroup section */
		DE29FF242CD01613001FC0BF /* Main.storyboard */ = {
			isa = PBXVariantGroup;
			children = (
				DE29FF252CD01613001FC0BF /* Base */,
			);
			name = Main.storyboard;
			sourceTree = "<group>";
		};
		DE29FF292CD01615001FC0BF /* LaunchScreen.storyboard */ = {
			isa = PBXVariantGroup;
			children = (
				DE29FF2A2CD01615001FC0BF /* Base */,
			);
			name = LaunchScreen.storyboard;
			sourceTree = "<group>";
		};
/* End PBXVariantGroup section */

/* Begin XCBuildConfiguration section */
		DE29FF2D2CD01615001FC0BF /* Debug */ = {
			isa = XCBuildConfiguration;
			buildSettings = {
				ALWAYS_SEARCH_USER_PATHS = NO;
				ASSETCATALOG_COMPILER_GENERATE_SWIFT_ASSET_SYMBOL_EXTENSIONS = YES;
				CLANG_ANALYZER_NONNULL = YES;
				CLANG_ANALYZER_NUMBER_OBJECT_CONVERSION = YES_AGGRESSIVE;
				CLANG_CXX_LANGUAGE_STANDARD = "gnu++20";
				CLANG_ENABLE_MODULES = YES;
				CLANG_ENABLE_OBJC_ARC = YES;
				CLANG_ENABLE_OBJC_WEAK = YES;
				CLANG_WARN_BLOCK_CAPTURE_AUTORELEASING = YES;
				CLANG_WARN_BOOL_CONVERSION = YES;
				CLANG_WARN_COMMA = YES;
				CLANG_WARN_CONSTANT_CONVERSION = YES;
				CLANG_WARN_DEPRECATED_OBJC_IMPLEMENTATIONS = YES;
				CLANG_WARN_DIRECT_OBJC_ISA_USAGE = YES_ERROR;
				CLANG_WARN_DOCUMENTATION_COMMENTS = YES;
				CLANG_WARN_EMPTY_BODY = YES;
				CLANG_WARN_ENUM_CONVERSION = YES;
				CLANG_WARN_INFINITE_RECURSION = YES;
				CLANG_WARN_INT_CONVERSION = YES;
				CLANG_WARN_NON_LITERAL_NULL_CONVERSION = YES;
				CLANG_WARN_OBJC_IMPLICIT_RETAIN_SELF = YES;
				CLANG_WARN_OBJC_LITERAL_CONVERSION = YES;
				CLANG_WARN_OBJC_ROOT_CLASS = YES_ERROR;
				CLANG_WARN_QUOTED_INCLUDE_IN_FRAMEWORK_HEADER = YES;
				CLANG_WARN_RANGE_LOOP_ANALYSIS = YES;
				CLANG_WARN_STRICT_PROTOTYPES = YES;
				CLANG_WARN_SUSPICIOUS_MOVE = YES;
				CLANG_WARN_UNGUARDED_AVAILABILITY = YES_AGGRESSIVE;
				CLANG_WARN_UNREACHABLE_CODE = YES;
				CLANG_WARN__DUPLICATE_METHOD_MATCH = YES;
				COPY_PHASE_STRIP = NO;
				DEBUG_INFORMATION_FORMAT = dwarf;
				ENABLE_STRICT_OBJC_MSGSEND = YES;
				ENABLE_TESTABILITY = YES;
				ENABLE_USER_SCRIPT_SANDBOXING = YES;
				GCC_C_LANGUAGE_STANDARD = gnu17;
				GCC_DYNAMIC_NO_PIC = NO;
				GCC_NO_COMMON_BLOCKS = YES;
				GCC_OPTIMIZATION_LEVEL = 0;
				GCC_PREPROCESSOR_DEFINITIONS = (
					"DEBUG=1",
					"$(inherited)",
				);
				GCC_WARN_64_TO_32_BIT_CONVERSION = YES;
				GCC_WARN_ABOUT_RETURN_TYPE = YES_ERROR;
				GCC_WARN_UNDECLARED_SELECTOR = YES;
				GCC_WARN_UNINITIALIZED_AUTOS = YES_AGGRESSIVE;
				GCC_WARN_UNUSED_FUNCTION = YES;
				GCC_WARN_UNUSED_VARIABLE = YES;
				IPHONEOS_DEPLOYMENT_TARGET = 13.0;
				LOCALIZATION_PREFERS_STRING_CATALOGS = YES;
				MTL_ENABLE_DEBUG_INFO = INCLUDE_SOURCE;
				MTL_FAST_MATH = YES;
				ONLY_ACTIVE_ARCH = YES;
				SDKROOT = iphoneos;
				SWIFT_ACTIVE_COMPILATION_CONDITIONS = "DEBUG $(inherited)";
				SWIFT_OPTIMIZATION_LEVEL = "-Onone";
			};
			name = Debug;
		};
		DE29FF2E2CD01615001FC0BF /* Release */ = {
			isa = XCBuildConfiguration;
			buildSettings = {
				ALWAYS_SEARCH_USER_PATHS = NO;
				ASSETCATALOG_COMPILER_GENERATE_SWIFT_ASSET_SYMBOL_EXTENSIONS = YES;
				CLANG_ANALYZER_NONNULL = YES;
				CLANG_ANALYZER_NUMBER_OBJECT_CONVERSION = YES_AGGRESSIVE;
				CLANG_CXX_LANGUAGE_STANDARD = "gnu++20";
				CLANG_ENABLE_MODULES = YES;
				CLANG_ENABLE_OBJC_ARC = YES;
				CLANG_ENABLE_OBJC_WEAK = YES;
				CLANG_WARN_BLOCK_CAPTURE_AUTORELEASING = YES;
				CLANG_WARN_BOOL_CONVERSION = YES;
				CLANG_WARN_COMMA = YES;
				CLANG_WARN_CONSTANT_CONVERSION = YES;
				CLANG_WARN_DEPRECATED_OBJC_IMPLEMENTATIONS = YES;
				CLANG_WARN_DIRECT_OBJC_ISA_USAGE = YES_ERROR;
				CLANG_WARN_DOCUMENTATION_COMMENTS = YES;
				CLANG_WARN_EMPTY_BODY = YES;
				CLANG_WARN_ENUM_CONVERSION = YES;
				CLANG_WARN_INFINITE_RECURSION = YES;
				CLANG_WARN_INT_CONVERSION = YES;
				CLANG_WARN_NON_LITERAL_NULL_CONVERSION = YES;
				CLANG_WARN_OBJC_IMPLICIT_RETAIN_SELF = YES;
				CLANG_WARN_OBJC_LITERAL_CONVERSION = YES;
				CLANG_WARN_OBJC_ROOT_CLASS = YES_ERROR;
				CLANG_WARN_QUOTED_INCLUDE_IN_FRAMEWORK_HEADER = YES;
				CLANG_WARN_RANGE_LOOP_ANALYSIS = YES;
				CLANG_WARN_STRICT_PROTOTYPES = YES;
				CLANG_WARN_SUSPICIOUS_MOVE = YES;
				CLANG_WARN_UNGUARDED_AVAILABILITY = YES_AGGRESSIVE;
				CLANG_WARN_UNREACHABLE_CODE = YES;
				CLANG_WARN__DUPLICATE_METHOD_MATCH = YES;
				COPY_PHASE_STRIP = NO;
				DEBUG_INFORMATION_FORMAT = "dwarf-with-dsym";
				ENABLE_NS_ASSERTIONS = NO;
				ENABLE_STRICT_OBJC_MSGSEND = YES;
				ENABLE_USER_SCRIPT_SANDBOXING = YES;
				GCC_C_LANGUAGE_STANDARD = gnu17;
				GCC_NO_COMMON_BLOCKS = YES;
				GCC_WARN_64_TO_32_BIT_CONVERSION = YES;
				GCC_WARN_ABOUT_RETURN_TYPE = YES_ERROR;
				GCC_WARN_UNDECLARED_SELECTOR = YES;
				GCC_WARN_UNINITIALIZED_AUTOS = YES_AGGRESSIVE;
				GCC_WARN_UNUSED_FUNCTION = YES;
				GCC_WARN_UNUSED_VARIABLE = YES;
				IPHONEOS_DEPLOYMENT_TARGET = 13.0;
				LOCALIZATION_PREFERS_STRING_CATALOGS = YES;
				MTL_ENABLE_DEBUG_INFO = NO;
				MTL_FAST_MATH = YES;
				SDKROOT = iphoneos;
				SWIFT_COMPILATION_MODE = wholemodule;
				VALIDATE_PRODUCT = YES;
			};
			name = Release;
		};
		DE29FF302CD01615001FC0BF /* Debug */ = {
			isa = XCBuildConfiguration;
			buildSettings = {
				ASSETCATALOG_COMPILER_APPICON_NAME = AppIcon;
				ASSETCATALOG_COMPILER_GLOBAL_ACCENT_COLOR_NAME = AccentColor;
				CODE_SIGN_STYLE = Automatic;
				CURRENT_PROJECT_VERSION = 1;
				DEVELOPMENT_TEAM = A6U58W9Z99;
				GENERATE_INFOPLIST_FILE = YES;
				INFOPLIST_FILE = ImageFeed/Info.plist;
				INFOPLIST_KEY_UIApplicationSupportsIndirectInputEvents = YES;
				INFOPLIST_KEY_UILaunchStoryboardName = LaunchScreen;
				INFOPLIST_KEY_UIMainStoryboardFile = Main;
				INFOPLIST_KEY_UISupportedInterfaceOrientations = UIInterfaceOrientationPortrait;
				IPHONEOS_DEPLOYMENT_TARGET = 13.0;
				LD_RUNPATH_SEARCH_PATHS = (
					"$(inherited)",
					"@executable_path/Frameworks",
				);
				MARKETING_VERSION = 1.0;
				PRODUCT_BUNDLE_IDENTIFIER = ru.tayawarmly.ImageFeed;
				PRODUCT_NAME = "$(TARGET_NAME)";
				SUPPORTED_PLATFORMS = "iphoneos iphonesimulator";
				SUPPORTS_MACCATALYST = NO;
				SUPPORTS_MAC_DESIGNED_FOR_IPHONE_IPAD = NO;
				SUPPORTS_XR_DESIGNED_FOR_IPHONE_IPAD = NO;
				SWIFT_EMIT_LOC_STRINGS = YES;
				SWIFT_VERSION = 5.0;
				TARGETED_DEVICE_FAMILY = 1;
			};
			name = Debug;
		};
		DE29FF312CD01615001FC0BF /* Release */ = {
			isa = XCBuildConfiguration;
			buildSettings = {
				ASSETCATALOG_COMPILER_APPICON_NAME = AppIcon;
				ASSETCATALOG_COMPILER_GLOBAL_ACCENT_COLOR_NAME = AccentColor;
				CODE_SIGN_STYLE = Automatic;
				CURRENT_PROJECT_VERSION = 1;
				DEVELOPMENT_TEAM = A6U58W9Z99;
				GENERATE_INFOPLIST_FILE = YES;
				INFOPLIST_FILE = ImageFeed/Info.plist;
				INFOPLIST_KEY_UIApplicationSupportsIndirectInputEvents = YES;
				INFOPLIST_KEY_UILaunchStoryboardName = LaunchScreen;
				INFOPLIST_KEY_UIMainStoryboardFile = Main;
				INFOPLIST_KEY_UISupportedInterfaceOrientations = UIInterfaceOrientationPortrait;
				IPHONEOS_DEPLOYMENT_TARGET = 13.0;
				LD_RUNPATH_SEARCH_PATHS = (
					"$(inherited)",
					"@executable_path/Frameworks",
				);
				MARKETING_VERSION = 1.0;
				PRODUCT_BUNDLE_IDENTIFIER = ru.tayawarmly.ImageFeed;
				PRODUCT_NAME = "$(TARGET_NAME)";
				SUPPORTED_PLATFORMS = "iphoneos iphonesimulator";
				SUPPORTS_MACCATALYST = NO;
				SUPPORTS_MAC_DESIGNED_FOR_IPHONE_IPAD = NO;
				SUPPORTS_XR_DESIGNED_FOR_IPHONE_IPAD = NO;
				SWIFT_EMIT_LOC_STRINGS = YES;
				SWIFT_VERSION = 5.0;
				TARGETED_DEVICE_FAMILY = 1;
			};
			name = Release;
		};
/* End XCBuildConfiguration section */

/* Begin XCConfigurationList section */
		DE29FF162CD01613001FC0BF /* Build configuration list for PBXProject "ImageFeed" */ = {
			isa = XCConfigurationList;
			buildConfigurations = (
				DE29FF2D2CD01615001FC0BF /* Debug */,
				DE29FF2E2CD01615001FC0BF /* Release */,
			);
			defaultConfigurationIsVisible = 0;
			defaultConfigurationName = Release;
		};
		DE29FF2F2CD01615001FC0BF /* Build configuration list for PBXNativeTarget "ImageFeed" */ = {
			isa = XCConfigurationList;
			buildConfigurations = (
				DE29FF302CD01615001FC0BF /* Debug */,
				DE29FF312CD01615001FC0BF /* Release */,
			);
			defaultConfigurationIsVisible = 0;
			defaultConfigurationName = Release;
		};
/* End XCConfigurationList section */

/* Begin XCRemoteSwiftPackageReference section */
		DE4965342D0A0149005BF3F0 /* XCRemoteSwiftPackageReference "ProgressHUD" */ = {
			isa = XCRemoteSwiftPackageReference;
			repositoryURL = "https://github.com/relatedcode/ProgressHUD";
			requirement = {
				kind = exactVersion;
				version = 14.1.3;
			};
		};
		DE958D4A2D203BB50073FE9E /* XCRemoteSwiftPackageReference "Kingfisher" */ = {
			isa = XCRemoteSwiftPackageReference;
			repositoryURL = "https://github.com/onevcat/Kingfisher";
			requirement = {
				kind = upToNextMajorVersion;
				minimumVersion = 8.1.3;
			};
		};
		DE958D4D2D207F9A0073FE9E /* XCRemoteSwiftPackageReference "SwiftKeychainWrapper" */ = {
			isa = XCRemoteSwiftPackageReference;
			repositoryURL = "https://github.com/jrendel/SwiftKeychainWrapper.git";
			requirement = {
				kind = upToNextMajorVersion;
				minimumVersion = 4.0.1;
			};
		};
/* End XCRemoteSwiftPackageReference section */

/* Begin XCSwiftPackageProductDependency section */
		DE4965352D0A0149005BF3F0 /* ProgressHUD */ = {
			isa = XCSwiftPackageProductDependency;
			package = DE4965342D0A0149005BF3F0 /* XCRemoteSwiftPackageReference "ProgressHUD" */;
			productName = ProgressHUD;
		};
		DE958D4B2D203BB50073FE9E /* Kingfisher */ = {
			isa = XCSwiftPackageProductDependency;
			package = DE958D4A2D203BB50073FE9E /* XCRemoteSwiftPackageReference "Kingfisher" */;
			productName = Kingfisher;
		};
		DE958D4E2D207F9A0073FE9E /* SwiftKeychainWrapper */ = {
			isa = XCSwiftPackageProductDependency;
			package = DE958D4D2D207F9A0073FE9E /* XCRemoteSwiftPackageReference "SwiftKeychainWrapper" */;
			productName = SwiftKeychainWrapper;
		};
/* End XCSwiftPackageProductDependency section */
	};
	rootObject = DE29FF132CD01613001FC0BF /* Project object */;
}
